// !$*UTF8*$!
{
	archiveVersion = 1;
	classes = {
	};
	objectVersion = 51;
	objects = {

/* Begin PBXBuildFile section */
		517BCE443E641711A0198549 /* Pods_Clustr_Updates.framework in Frameworks */ = {isa = PBXBuildFile; fileRef = 7F01BCCA80DA060D46F64169 /* Pods_Clustr_Updates.framework */; };
		AF4AB93A24271B9A00D01FE2 /* AppDelegate.swift in Sources */ = {isa = PBXBuildFile; fileRef = AF4AB93924271B9A00D01FE2 /* AppDelegate.swift */; };
		AF4AB93C24271B9A00D01FE2 /* SceneDelegate.swift in Sources */ = {isa = PBXBuildFile; fileRef = AF4AB93B24271B9A00D01FE2 /* SceneDelegate.swift */; };
		AF4AB93E24271B9A00D01FE2 /* ViewController.swift in Sources */ = {isa = PBXBuildFile; fileRef = AF4AB93D24271B9A00D01FE2 /* ViewController.swift */; };
		AF4AB94124271B9A00D01FE2 /* Main.storyboard in Resources */ = {isa = PBXBuildFile; fileRef = AF4AB93F24271B9A00D01FE2 /* Main.storyboard */; };
		AF4AB94324271BA100D01FE2 /* Assets.xcassets in Resources */ = {isa = PBXBuildFile; fileRef = AF4AB94224271BA100D01FE2 /* Assets.xcassets */; };
		AF4AB94624271BA100D01FE2 /* LaunchScreen.storyboard in Resources */ = {isa = PBXBuildFile; fileRef = AF4AB94424271BA100D01FE2 /* LaunchScreen.storyboard */; };
		AF4AB94E24271CE000D01FE2 /* GoogleService-Info.plist in Resources */ = {isa = PBXBuildFile; fileRef = AF4AB94D24271CDF00D01FE2 /* GoogleService-Info.plist */; };
		AFA540F3242727E4007F332C /* AppData.swift in Sources */ = {isa = PBXBuildFile; fileRef = AFA540F2242727E4007F332C /* AppData.swift */; };
		AFE0509524274BA80025A7C7 /* UpdateClass.swift in Sources */ = {isa = PBXBuildFile; fileRef = AFE0509424274BA80025A7C7 /* UpdateClass.swift */; };
/* End PBXBuildFile section */

/* Begin PBXFileReference section */
		7F01BCCA80DA060D46F64169 /* Pods_Clustr_Updates.framework */ = {isa = PBXFileReference; explicitFileType = wrapper.framework; includeInIndex = 0; path = Pods_Clustr_Updates.framework; sourceTree = BUILT_PRODUCTS_DIR; };
		8ACC539281A06EE6DCD5A80B /* Pods-Clustr Updates.release.xcconfig */ = {isa = PBXFileReference; includeInIndex = 1; lastKnownFileType = text.xcconfig; name = "Pods-Clustr Updates.release.xcconfig"; path = "Target Support Files/Pods-Clustr Updates/Pods-Clustr Updates.release.xcconfig"; sourceTree = "<group>"; };
		9CFD8E5ACFF96D480E6F70EE /* Pods-Clustr Updates.debug.xcconfig */ = {isa = PBXFileReference; includeInIndex = 1; lastKnownFileType = text.xcconfig; name = "Pods-Clustr Updates.debug.xcconfig"; path = "Target Support Files/Pods-Clustr Updates/Pods-Clustr Updates.debug.xcconfig"; sourceTree = "<group>"; };
		AF4AB93624271B9A00D01FE2 /* Clustr Updates.app */ = {isa = PBXFileReference; explicitFileType = wrapper.application; includeInIndex = 0; path = "Clustr Updates.app"; sourceTree = BUILT_PRODUCTS_DIR; };
		AF4AB93924271B9A00D01FE2 /* AppDelegate.swift */ = {isa = PBXFileReference; lastKnownFileType = sourcecode.swift; path = AppDelegate.swift; sourceTree = "<group>"; };
		AF4AB93B24271B9A00D01FE2 /* SceneDelegate.swift */ = {isa = PBXFileReference; lastKnownFileType = sourcecode.swift; path = SceneDelegate.swift; sourceTree = "<group>"; };
		AF4AB93D24271B9A00D01FE2 /* ViewController.swift */ = {isa = PBXFileReference; lastKnownFileType = sourcecode.swift; path = ViewController.swift; sourceTree = "<group>"; };
		AF4AB94024271B9A00D01FE2 /* Base */ = {isa = PBXFileReference; lastKnownFileType = file.storyboard; name = Base; path = Base.lproj/Main.storyboard; sourceTree = "<group>"; };
		AF4AB94224271BA100D01FE2 /* Assets.xcassets */ = {isa = PBXFileReference; lastKnownFileType = folder.assetcatalog; path = Assets.xcassets; sourceTree = "<group>"; };
		AF4AB94524271BA100D01FE2 /* Base */ = {isa = PBXFileReference; lastKnownFileType = file.storyboard; name = Base; path = Base.lproj/LaunchScreen.storyboard; sourceTree = "<group>"; };
		AF4AB94724271BA100D01FE2 /* Info.plist */ = {isa = PBXFileReference; lastKnownFileType = text.plist.xml; path = Info.plist; sourceTree = "<group>"; };
		AF4AB94D24271CDF00D01FE2 /* GoogleService-Info.plist */ = {isa = PBXFileReference; fileEncoding = 4; lastKnownFileType = text.plist.xml; path = "GoogleService-Info.plist"; sourceTree = "<group>"; };
		AFA540F2242727E4007F332C /* AppData.swift */ = {isa = PBXFileReference; lastKnownFileType = sourcecode.swift; path = AppData.swift; sourceTree = "<group>"; };
		AFE0509424274BA80025A7C7 /* UpdateClass.swift */ = {isa = PBXFileReference; lastKnownFileType = sourcecode.swift; path = UpdateClass.swift; sourceTree = "<group>"; };
/* End PBXFileReference section */

/* Begin PBXFrameworksBuildPhase section */
		AF4AB93324271B9A00D01FE2 /* Frameworks */ = {
			isa = PBXFrameworksBuildPhase;
			buildActionMask = 2147483647;
			files = (
				517BCE443E641711A0198549 /* Pods_Clustr_Updates.framework in Frameworks */,
			);
			runOnlyForDeploymentPostprocessing = 0;
		};
/* End PBXFrameworksBuildPhase section */

/* Begin PBXGroup section */
		797B112B4FA592F3F995D308 /* Pods */ = {
			isa = PBXGroup;
			children = (
				9CFD8E5ACFF96D480E6F70EE /* Pods-Clustr Updates.debug.xcconfig */,
				8ACC539281A06EE6DCD5A80B /* Pods-Clustr Updates.release.xcconfig */,
			);
			path = Pods;
			sourceTree = "<group>";
		};
		AF4AB92D24271B9A00D01FE2 = {
			isa = PBXGroup;
			children = (
				AF4AB93824271B9A00D01FE2 /* Clustr Updates */,
				AF4AB93724271B9A00D01FE2 /* Products */,
				797B112B4FA592F3F995D308 /* Pods */,
				C61E95B3462FD3F36F6D2D03 /* Frameworks */,
			);
			sourceTree = "<group>";
		};
		AF4AB93724271B9A00D01FE2 /* Products */ = {
			isa = PBXGroup;
			children = (
				AF4AB93624271B9A00D01FE2 /* Clustr Updates.app */,
			);
			name = Products;
			sourceTree = "<group>";
		};
		AF4AB93824271B9A00D01FE2 /* Clustr Updates */ = {
			isa = PBXGroup;
			children = (
				AF4AB93924271B9A00D01FE2 /* AppDelegate.swift */,
				AF4AB93B24271B9A00D01FE2 /* SceneDelegate.swift */,
				AF4AB93D24271B9A00D01FE2 /* ViewController.swift */,
				AFE0509424274BA80025A7C7 /* UpdateClass.swift */,
				AFA540F2242727E4007F332C /* AppData.swift */,
				AF4AB93F24271B9A00D01FE2 /* Main.storyboard */,
				AF4AB94224271BA100D01FE2 /* Assets.xcassets */,
				AF4AB94D24271CDF00D01FE2 /* GoogleService-Info.plist */,
				AF4AB94424271BA100D01FE2 /* LaunchScreen.storyboard */,
				AF4AB94724271BA100D01FE2 /* Info.plist */,
			);
			path = "Clustr Updates";
			sourceTree = "<group>";
		};
		C61E95B3462FD3F36F6D2D03 /* Frameworks */ = {
			isa = PBXGroup;
			children = (
				7F01BCCA80DA060D46F64169 /* Pods_Clustr_Updates.framework */,
			);
			name = Frameworks;
			sourceTree = "<group>";
		};
/* End PBXGroup section */

/* Begin PBXNativeTarget section */
		AF4AB93524271B9A00D01FE2 /* Clustr Updates */ = {
			isa = PBXNativeTarget;
			buildConfigurationList = AF4AB94A24271BA100D01FE2 /* Build configuration list for PBXNativeTarget "Clustr Updates" */;
			buildPhases = (
				E0F624EF4AE86CD9ABB56AD0 /* [CP] Check Pods Manifest.lock */,
				AF4AB93224271B9A00D01FE2 /* Sources */,
				AF4AB93324271B9A00D01FE2 /* Frameworks */,
				AF4AB93424271B9A00D01FE2 /* Resources */,
				2AFEE6C9F31ED4E0EFEAF321 /* [CP] Embed Pods Frameworks */,
			);
			buildRules = (
			);
			dependencies = (
			);
			name = "Clustr Updates";
			productName = "Clustr Updates";
			productReference = AF4AB93624271B9A00D01FE2 /* Clustr Updates.app */;
			productType = "com.apple.product-type.application";
		};
/* End PBXNativeTarget section */

/* Begin PBXProject section */
		AF4AB92E24271B9A00D01FE2 /* Project object */ = {
			isa = PBXProject;
			attributes = {
				LastSwiftUpdateCheck = 1130;
				LastUpgradeCheck = 1130;
				ORGANIZATIONNAME = "Brandon Yen";
				TargetAttributes = {
					AF4AB93524271B9A00D01FE2 = {
						CreatedOnToolsVersion = 11.3.1;
					};
				};
			};
			buildConfigurationList = AF4AB93124271B9A00D01FE2 /* Build configuration list for PBXProject "Clustr Updates" */;
			compatibilityVersion = "Xcode 9.3";
			developmentRegion = en;
			hasScannedForEncodings = 0;
			knownRegions = (
				en,
				Base,
			);
			mainGroup = AF4AB92D24271B9A00D01FE2;
			productRefGroup = AF4AB93724271B9A00D01FE2 /* Products */;
			projectDirPath = "";
			projectRoot = "";
			targets = (
				AF4AB93524271B9A00D01FE2 /* Clustr Updates */,
			);
		};
/* End PBXProject section */

/* Begin PBXResourcesBuildPhase section */
		AF4AB93424271B9A00D01FE2 /* Resources */ = {
			isa = PBXResourcesBuildPhase;
			buildActionMask = 2147483647;
			files = (
				AF4AB94624271BA100D01FE2 /* LaunchScreen.storyboard in Resources */,
				AF4AB94E24271CE000D01FE2 /* GoogleService-Info.plist in Resources */,
				AF4AB94324271BA100D01FE2 /* Assets.xcassets in Resources */,
				AF4AB94124271B9A00D01FE2 /* Main.storyboard in Resources */,
			);
			runOnlyForDeploymentPostprocessing = 0;
		};
/* End PBXResourcesBuildPhase section */

/* Begin PBXShellScriptBuildPhase section */
		2AFEE6C9F31ED4E0EFEAF321 /* [CP] Embed Pods Frameworks */ = {
			isa = PBXShellScriptBuildPhase;
			buildActionMask = 2147483647;
			files = (
			);
			inputFileListPaths = (
				"${PODS_ROOT}/Target Support Files/Pods-Clustr Updates/Pods-Clustr Updates-frameworks-${CONFIGURATION}-input-files.xcfilelist",
			);
			name = "[CP] Embed Pods Frameworks";
			outputFileListPaths = (
				"${PODS_ROOT}/Target Support Files/Pods-Clustr Updates/Pods-Clustr Updates-frameworks-${CONFIGURATION}-output-files.xcfilelist",
			);
			runOnlyForDeploymentPostprocessing = 0;
			shellPath = /bin/sh;
			shellScript = "\"${PODS_ROOT}/Target Support Files/Pods-Clustr Updates/Pods-Clustr Updates-frameworks.sh\"\n";
			showEnvVarsInLog = 0;
		};
		E0F624EF4AE86CD9ABB56AD0 /* [CP] Check Pods Manifest.lock */ = {
			isa = PBXShellScriptBuildPhase;
			buildActionMask = 2147483647;
			files = (
			);
			inputFileListPaths = (
			);
			inputPaths = (
				"${PODS_PODFILE_DIR_PATH}/Podfile.lock",
				"${PODS_ROOT}/Manifest.lock",
			);
			name = "[CP] Check Pods Manifest.lock";
			outputFileListPaths = (
			);
			outputPaths = (
				"$(DERIVED_FILE_DIR)/Pods-Clustr Updates-checkManifestLockResult.txt",
			);
			runOnlyForDeploymentPostprocessing = 0;
			shellPath = /bin/sh;
			shellScript = "diff \"${PODS_PODFILE_DIR_PATH}/Podfile.lock\" \"${PODS_ROOT}/Manifest.lock\" > /dev/null\nif [ $? != 0 ] ; then\n    # print error to STDERR\n    echo \"error: The sandbox is not in sync with the Podfile.lock. Run 'pod install' or update your CocoaPods installation.\" >&2\n    exit 1\nfi\n# This output is used by Xcode 'outputs' to avoid re-running this script phase.\necho \"SUCCESS\" > \"${SCRIPT_OUTPUT_FILE_0}\"\n";
			showEnvVarsInLog = 0;
		};
/* End PBXShellScriptBuildPhase section */

/* Begin PBXSourcesBuildPhase section */
		AF4AB93224271B9A00D01FE2 /* Sources */ = {
			isa = PBXSourcesBuildPhase;
			buildActionMask = 2147483647;
			files = (
				AF4AB93E24271B9A00D01FE2 /* ViewController.swift in Sources */,
				AF4AB93A24271B9A00D01FE2 /* AppDelegate.swift in Sources */,
				AFE0509524274BA80025A7C7 /* UpdateClass.swift in Sources */,
				AF4AB93C24271B9A00D01FE2 /* SceneDelegate.swift in Sources */,
				AFA540F3242727E4007F332C /* AppData.swift in Sources */,
			);
			runOnlyForDeploymentPostprocessing = 0;
		};
/* End PBXSourcesBuildPhase section */

/* Begin PBXVariantGroup section */
		AF4AB93F24271B9A00D01FE2 /* Main.storyboard */ = {
			isa = PBXVariantGroup;
			children = (
				AF4AB94024271B9A00D01FE2 /* Base */,
			);
			name = Main.storyboard;
			sourceTree = "<group>";
		};
		AF4AB94424271BA100D01FE2 /* LaunchScreen.storyboard */ = {
			isa = PBXVariantGroup;
			children = (
				AF4AB94524271BA100D01FE2 /* Base */,
			);
			name = LaunchScreen.storyboard;
			sourceTree = "<group>";
		};
/* End PBXVariantGroup section */

/* Begin XCBuildConfiguration section */
		AF4AB94824271BA100D01FE2 /* Debug */ = {
			isa = XCBuildConfiguration;
			buildSettings = {
				ALWAYS_SEARCH_USER_PATHS = NO;
				CLANG_ANALYZER_NONNULL = YES;
				CLANG_ANALYZER_NUMBER_OBJECT_CONVERSION = YES_AGGRESSIVE;
				CLANG_CXX_LANGUAGE_STANDARD = "gnu++14";
				CLANG_CXX_LIBRARY = "libc++";
				CLANG_ENABLE_MODULES = YES;
				CLANG_ENABLE_OBJC_ARC = YES;
				CLANG_ENABLE_OBJC_WEAK = YES;
				CLANG_WARN_BLOCK_CAPTURE_AUTORELEASING = YES;
				CLANG_WARN_BOOL_CONVERSION = YES;
				CLANG_WARN_COMMA = YES;
				CLANG_WARN_CONSTANT_CONVERSION = YES;
				CLANG_WARN_DEPRECATED_OBJC_IMPLEMENTATIONS = YES;
				CLANG_WARN_DIRECT_OBJC_ISA_USAGE = YES_ERROR;
				CLANG_WARN_DOCUMENTATION_COMMENTS = YES;
				CLANG_WARN_EMPTY_BODY = YES;
				CLANG_WARN_ENUM_CONVERSION = YES;
				CLANG_WARN_INFINITE_RECURSION = YES;
				CLANG_WARN_INT_CONVERSION = YES;
				CLANG_WARN_NON_LITERAL_NULL_CONVERSION = YES;
				CLANG_WARN_OBJC_IMPLICIT_RETAIN_SELF = YES;
				CLANG_WARN_OBJC_LITERAL_CONVERSION = YES;
				CLANG_WARN_OBJC_ROOT_CLASS = YES_ERROR;
				CLANG_WARN_RANGE_LOOP_ANALYSIS = YES;
				CLANG_WARN_STRICT_PROTOTYPES = YES;
				CLANG_WARN_SUSPICIOUS_MOVE = YES;
				CLANG_WARN_UNGUARDED_AVAILABILITY = YES_AGGRESSIVE;
				CLANG_WARN_UNREACHABLE_CODE = YES;
				CLANG_WARN__DUPLICATE_METHOD_MATCH = YES;
				COPY_PHASE_STRIP = NO;
				DEBUG_INFORMATION_FORMAT = dwarf;
				ENABLE_STRICT_OBJC_MSGSEND = YES;
				ENABLE_TESTABILITY = YES;
				GCC_C_LANGUAGE_STANDARD = gnu11;
				GCC_DYNAMIC_NO_PIC = NO;
				GCC_NO_COMMON_BLOCKS = YES;
				GCC_OPTIMIZATION_LEVEL = 0;
				GCC_PREPROCESSOR_DEFINITIONS = (
					"DEBUG=1",
					"$(inherited)",
				);
				GCC_WARN_64_TO_32_BIT_CONVERSION = YES;
				GCC_WARN_ABOUT_RETURN_TYPE = YES_ERROR;
				GCC_WARN_UNDECLARED_SELECTOR = YES;
				GCC_WARN_UNINITIALIZED_AUTOS = YES_AGGRESSIVE;
				GCC_WARN_UNUSED_FUNCTION = YES;
				GCC_WARN_UNUSED_VARIABLE = YES;
				IPHONEOS_DEPLOYMENT_TARGET = 13.2;
				MTL_ENABLE_DEBUG_INFO = INCLUDE_SOURCE;
				MTL_FAST_MATH = YES;
				ONLY_ACTIVE_ARCH = YES;
				SDKROOT = iphoneos;
				SWIFT_ACTIVE_COMPILATION_CONDITIONS = DEBUG;
				SWIFT_OPTIMIZATION_LEVEL = "-Onone";
			};
			name = Debug;
		};
		AF4AB94924271BA100D01FE2 /* Release */ = {
			isa = XCBuildConfiguration;
			buildSettings = {
				ALWAYS_SEARCH_USER_PATHS = NO;
				CLANG_ANALYZER_NONNULL = YES;
				CLANG_ANALYZER_NUMBER_OBJECT_CONVERSION = YES_AGGRESSIVE;
				CLANG_CXX_LANGUAGE_STANDARD = "gnu++14";
				CLANG_CXX_LIBRARY = "libc++";
				CLANG_ENABLE_MODULES = YES;
				CLANG_ENABLE_OBJC_ARC = YES;
				CLANG_ENABLE_OBJC_WEAK = YES;
				CLANG_WARN_BLOCK_CAPTURE_AUTORELEASING = YES;
				CLANG_WARN_BOOL_CONVERSION = YES;
				CLANG_WARN_COMMA = YES;
				CLANG_WARN_CONSTANT_CONVERSION = YES;
				CLANG_WARN_DEPRECATED_OBJC_IMPLEMENTATIONS = YES;
				CLANG_WARN_DIRECT_OBJC_ISA_USAGE = YES_ERROR;
				CLANG_WARN_DOCUMENTATION_COMMENTS = YES;
				CLANG_WARN_EMPTY_BODY = YES;
				CLANG_WARN_ENUM_CONVERSION = YES;
				CLANG_WARN_INFINITE_RECURSION = YES;
				CLANG_WARN_INT_CONVERSION = YES;
				CLANG_WARN_NON_LITERAL_NULL_CONVERSION = YES;
				CLANG_WARN_OBJC_IMPLICIT_RETAIN_SELF = YES;
				CLANG_WARN_OBJC_LITERAL_CONVERSION = YES;
				CLANG_WARN_OBJC_ROOT_CLASS = YES_ERROR;
				CLANG_WARN_RANGE_LOOP_ANALYSIS = YES;
				CLANG_WARN_STRICT_PROTOTYPES = YES;
				CLANG_WARN_SUSPICIOUS_MOVE = YES;
				CLANG_WARN_UNGUARDED_AVAILABILITY = YES_AGGRESSIVE;
				CLANG_WARN_UNREACHABLE_CODE = YES;
				CLANG_WARN__DUPLICATE_METHOD_MATCH = YES;
				COPY_PHASE_STRIP = NO;
				DEBUG_INFORMATION_FORMAT = "dwarf-with-dsym";
				ENABLE_NS_ASSERTIONS = NO;
				ENABLE_STRICT_OBJC_MSGSEND = YES;
				GCC_C_LANGUAGE_STANDARD = gnu11;
				GCC_NO_COMMON_BLOCKS = YES;
				GCC_WARN_64_TO_32_BIT_CONVERSION = YES;
				GCC_WARN_ABOUT_RETURN_TYPE = YES_ERROR;
				GCC_WARN_UNDECLARED_SELECTOR = YES;
				GCC_WARN_UNINITIALIZED_AUTOS = YES_AGGRESSIVE;
				GCC_WARN_UNUSED_FUNCTION = YES;
				GCC_WARN_UNUSED_VARIABLE = YES;
				IPHONEOS_DEPLOYMENT_TARGET = 13.2;
				MTL_ENABLE_DEBUG_INFO = NO;
				MTL_FAST_MATH = YES;
				SDKROOT = iphoneos;
				SWIFT_COMPILATION_MODE = wholemodule;
				SWIFT_OPTIMIZATION_LEVEL = "-O";
				VALIDATE_PRODUCT = YES;
			};
			name = Release;
		};
		AF4AB94B24271BA100D01FE2 /* Debug */ = {
			isa = XCBuildConfiguration;
			baseConfigurationReference = 9CFD8E5ACFF96D480E6F70EE /* Pods-Clustr Updates.debug.xcconfig */;
			buildSettings = {
				ASSETCATALOG_COMPILER_APPICON_NAME = AppIcon;
				CODE_SIGN_STYLE = Automatic;
				INFOPLIST_FILE = "Clustr Updates/Info.plist";
				LD_RUNPATH_SEARCH_PATHS = (
					"$(inherited)",
					"@executable_path/Frameworks",
				);
				PRODUCT_BUNDLE_IDENTIFIER = "com.clustr.Clustr-Updates";
				PRODUCT_NAME = "$(TARGET_NAME)";
				SWIFT_VERSION = 5.0;
				TARGETED_DEVICE_FAMILY = "1,2";
			};
			name = Debug;
		};
		AF4AB94C24271BA100D01FE2 /* Release */ = {
			isa = XCBuildConfiguration;
			baseConfigurationReference = 8ACC539281A06EE6DCD5A80B /* Pods-Clustr Updates.release.xcconfig */;
			buildSettings = {
				ASSETCATALOG_COMPILER_APPICON_NAME = AppIcon;
				CODE_SIGN_STYLE = Automatic;
				INFOPLIST_FILE = "Clustr Updates/Info.plist";
				LD_RUNPATH_SEARCH_PATHS = (
					"$(inherited)",
					"@executable_path/Frameworks",
				);
				PRODUCT_BUNDLE_IDENTIFIER = "com.clustr.Clustr-Updates";
				PRODUCT_NAME = "$(TARGET_NAME)";
				SWIFT_VERSION = 5.0;
				TARGETED_DEVICE_FAMILY = "1,2";
			};
			name = Release;
		};
/* End XCBuildConfiguration section */

/* Begin XCConfigurationList section */
		AF4AB93124271B9A00D01FE2 /* Build configuration list for PBXProject "Clustr Updates" */ = {
			isa = XCConfigurationList;
			buildConfigurations = (
				AF4AB94824271BA100D01FE2 /* Debug */,
				AF4AB94924271BA100D01FE2 /* Release */,
			);
			defaultConfigurationIsVisible = 0;
			defaultConfigurationName = Release;
		};
		AF4AB94A24271BA100D01FE2 /* Build configuration list for PBXNativeTarget "Clustr Updates" */ = {
			isa = XCConfigurationList;
			buildConfigurations = (
				AF4AB94B24271BA100D01FE2 /* Debug */,
				AF4AB94C24271BA100D01FE2 /* Release */,
			);
			defaultConfigurationIsVisible = 0;
			defaultConfigurationName = Release;
		};
/* End XCConfigurationList section */
	};
	rootObject = AF4AB92E24271B9A00D01FE2 /* Project object */;
}
